PODS:
  - Masonry (1.0.2)
  - PicturePicker (0.0.1)

DEPENDENCIES:
  - Masonry (~> 1.0.2)
  - PicturePicker (from `https://github.com/xglofter/PicturePicker.git`)

EXTERNAL SOURCES:
  PicturePicker:
    :git: https://github.com/xglofter/PicturePicker.git

CHECKOUT OPTIONS:
  PicturePicker:
    :commit: 56a829c70139a1ff7c5385244bbd2034799a5c43
    :git: https://github.com/xglofter/PicturePicker.git

SPEC CHECKSUMS:
  Masonry: 7c429b56da9d4ee0bbb3ed77a5ea710d6a5df39e
  PicturePicker: 497a79ae825d5787bbcb8ed8a88ed393d5b0b2be

PODFILE CHECKSUM: 121b9778d5ae6db26235372fad7126d025a1305d

COCOAPODS: 1.1.1
